
Microsoft Visual Studio Solution File, Format Version 12.00
# Visual Studio 15
VisualStudioVersion = 15.0.27428.2015
MinimumVisualStudioVersion = 10.0.40219.1
Project("{FAE04EC0-301F-11D3-BF4B-00C04F79EFBC}") = "consoleGuiTests", "consoleGuiTests\consoleGuiTests.csproj", "{D108F524-31E9-4010-A870-1D0B52A17466}"
EndProject
Global
	GlobalSection(SolutionConfigurationPlatforms) = preSolution
		Debug|Any CPU = Debug|Any CPU
		Release|Any CPU = Release|Any CPU
	EndGlobalSection
	GlobalSection(ProjectConfigurationPlatforms) = postSolution
		{D108F524-31E9-4010-A870-1D0B52A17466}.Debug|Any CPU.ActiveCfg = Debug|Any CPU
		{D108F524-31E9-4010-A870-1D0B52A17466}.Debug|Any CPU.Build.0 = Debug|Any CPU
		{D108F524-31E9-4010-A870-1D0B52A17466}.Release|Any CPU.ActiveCfg = Release|Any CPU
		{D108F524-31E9-4010-A870-1D0B52A17466}.Release|Any CPU.Build.0 = Release|Any CPU
	EndGlobalSection
	GlobalSection(SolutionProperties) = preSolution
		HideSolutionNode = FALSE
	EndGlobalSection
	GlobalSection(ExtensibilityGlobals) = postSolution
		SolutionGuid = {5DDBCC2E-DDFC-4AFB-96FB-D2BFDB5736C8}
	EndGlobalSection
EndGlobal
